
Microsoft Visual Studio Solution File, Format Version 12.00
# Visual Studio Version 17
VisualStudioVersion = 17.7.34009.444
MinimumVisualStudioVersion = 10.0.40219.1
Project("{11A8DD76-328B-46DF-9F39-F559912D0360}") = "NanoKernel", "NanoKernel\NanoKernel.nfproj", "{CC0E298D-E675-4C5B-8E41-B7E1139F3699}"
EndProject
Project("{11A8DD76-328B-46DF-9F39-F559912D0360}") = "Nodos.Medidor", "NodoMedidor\Nodos.Medidor.nfproj", "{9696AF3C-B54C-4065-B510-1313FD56B410}"
EndProject
Project("{11A8DD76-328B-46DF-9F39-F559912D0360}") = "Nodos.AP", "NodoAP\Nodos.AP.nfproj", "{D420C53F-63AC-45E3-8430-38E619EAA187}"
EndProject
Project("{11A8DD76-328B-46DF-9F39-F559912D0360}") = "NodoTest", "NodoTest\NodoTest.nfproj", "{F95A9A31-351E-4D0B-97B0-CDCD0C99D453}"
EndProject
Project("{11A8DD76-328B-46DF-9F39-F559912D0360}") = "PruebaSensores", "PruebaSensores\PruebaSensores.nfproj", "{C06BA987-69A2-4D58-B1AE-1D1C4910091B}"
EndProject
Project("{2150E333-8FDC-42A3-9474-1A3956D46DE8}") = "PruebasDesarrollo", "PruebasDesarrollo", "{1BD88219-7E30-4747-ADD2-C6961AA547E4}"
EndProject
Project("{11A8DD76-328B-46DF-9F39-F559912D0360}") = "LoRa_Sender", "..\Pruebas\LoRa\LoRa_Sender.nfproj", "{45582571-023F-4DB3-B27E-2A35AEB2DAD0}"
EndProject
Project("{11A8DD76-328B-46DF-9F39-F559912D0360}") = "Lora_Reciever", "..\Pruebas\LoRa\Lora_Reciever\Lora_Reciever.nfproj", "{EED5CAAD-F190-469B-9A9E-EDB63F005713}"
EndProject
Project("{11A8DD76-328B-46DF-9F39-F559912D0360}") = "SX127XLoRaDevice", "..\Pruebas\LoRa\SX127XLoRaDevice\SX127XLoRaDevice.nfproj", "{638A77F3-E9DE-4350-BBA1-65EF380DB0E4}"
EndProject
Project("{11A8DD76-328B-46DF-9F39-F559912D0360}") = "PruebaAP", "PruebaAP\PruebaAP.nfproj", "{35BADEEF-3CF1-4BB2-90B3-D35A1BF075D1}"
EndProject
Project("{2150E333-8FDC-42A3-9474-1A3956D46DE8}") = "Lora", "Lora", "{900C3832-19E4-44D0-965A-61357F2B5EA6}"
EndProject
Project("{11A8DD76-328B-46DF-9F39-F559912D0360}") = "PruebaMedidor", "PruebaMedidor\PruebaMedidor.nfproj", "{EBA099F0-D967-4495-AAD6-8B9577735D91}"
EndProject
Project("{9A19103F-16F7-4668-BE54-9A1E7A4F7556}") = "MockSmartcompost", "ClienteMock\MockSmartcompost.csproj", "{F2E1FA3E-4F2A-4356-AEF0-56D08150F355}"
EndProject
Project("{11A8DD76-328B-46DF-9F39-F559912D0360}") = "NanoServer", "NanoServer\NanoServer.nfproj", "{F006A176-3EBE-4504-8CFC-78683B13D11A}"
EndProject
Project("{2150E333-8FDC-42A3-9474-1A3956D46DE8}") = "Equipos", "Equipos", "{98EE0D38-DBD6-4780-805C-C108C9293A0E}"
EndProject
Project("{11A8DD76-328B-46DF-9F39-F559912D0360}") = "Equipos.SX127X", "Equipos.SX127X\Equipos.SX127X.nfproj", "{2E1CFB3B-EC29-4D6E-A61B-981598C2B36A}"
EndProject
Project("{11A8DD76-328B-46DF-9F39-F559912D0360}") = "Equipos.DS18B20", "Equipos.DS18B20\Equipos.DS18B20.nfproj", "{C51A714E-36F6-4BED-8431-061505551508}"
EndProject
Project("{11A8DD76-328B-46DF-9F39-F559912D0360}") = "PruebaFileSystem", "PruebaFileSystem\PruebaFileSystem.nfproj", "{102D016B-EF6F-40FB-9FC0-122AEEBB638F}"
EndProject
Project("{9A19103F-16F7-4668-BE54-9A1E7A4F7556}") = "SmartDeploy", "SmartDeploy\SmartDeploy.csproj", "{D0255680-5BC5-4264-B722-FD31866EC505}"
EndProject
Project("{2150E333-8FDC-42A3-9474-1A3956D46DE8}") = ".DeployConfigs", ".DeployConfigs", "{33BC25F7-8A13-4453-8357-5905897B186B}"
	ProjectSection(SolutionItems) = preProject
		.DeployConfigs\deployAP.json = .DeployConfigs\deployAP.json
		.DeployConfigs\deployMedidor.json = .DeployConfigs\deployMedidor.json
		.DeployConfigs\infoNodoAP.json = .DeployConfigs\infoNodoAP.json
		.DeployConfigs\infoNodoMedidor.json = .DeployConfigs\infoNodoMedidor.json
	EndProjectSection
EndProject
Global
	GlobalSection(SolutionConfigurationPlatforms) = preSolution
		Debug|Any CPU = Debug|Any CPU
		Release|Any CPU = Release|Any CPU
	EndGlobalSection
	GlobalSection(ProjectConfigurationPlatforms) = postSolution
		{CC0E298D-E675-4C5B-8E41-B7E1139F3699}.Debug|Any CPU.ActiveCfg = Debug|Any CPU
		{CC0E298D-E675-4C5B-8E41-B7E1139F3699}.Debug|Any CPU.Build.0 = Debug|Any CPU
		{CC0E298D-E675-4C5B-8E41-B7E1139F3699}.Debug|Any CPU.Deploy.0 = Debug|Any CPU
		{CC0E298D-E675-4C5B-8E41-B7E1139F3699}.Release|Any CPU.ActiveCfg = Release|Any CPU
		{CC0E298D-E675-4C5B-8E41-B7E1139F3699}.Release|Any CPU.Build.0 = Release|Any CPU
		{CC0E298D-E675-4C5B-8E41-B7E1139F3699}.Release|Any CPU.Deploy.0 = Release|Any CPU
		{9696AF3C-B54C-4065-B510-1313FD56B410}.Debug|Any CPU.ActiveCfg = Debug|Any CPU
		{9696AF3C-B54C-4065-B510-1313FD56B410}.Debug|Any CPU.Build.0 = Debug|Any CPU
		{9696AF3C-B54C-4065-B510-1313FD56B410}.Debug|Any CPU.Deploy.0 = Debug|Any CPU
		{9696AF3C-B54C-4065-B510-1313FD56B410}.Release|Any CPU.ActiveCfg = Release|Any CPU
		{9696AF3C-B54C-4065-B510-1313FD56B410}.Release|Any CPU.Build.0 = Release|Any CPU
		{9696AF3C-B54C-4065-B510-1313FD56B410}.Release|Any CPU.Deploy.0 = Release|Any CPU
		{D420C53F-63AC-45E3-8430-38E619EAA187}.Debug|Any CPU.ActiveCfg = Debug|Any CPU
		{D420C53F-63AC-45E3-8430-38E619EAA187}.Debug|Any CPU.Build.0 = Debug|Any CPU
		{D420C53F-63AC-45E3-8430-38E619EAA187}.Debug|Any CPU.Deploy.0 = Debug|Any CPU
		{D420C53F-63AC-45E3-8430-38E619EAA187}.Release|Any CPU.ActiveCfg = Release|Any CPU
		{D420C53F-63AC-45E3-8430-38E619EAA187}.Release|Any CPU.Build.0 = Release|Any CPU
		{D420C53F-63AC-45E3-8430-38E619EAA187}.Release|Any CPU.Deploy.0 = Release|Any CPU
		{F95A9A31-351E-4D0B-97B0-CDCD0C99D453}.Debug|Any CPU.ActiveCfg = Debug|Any CPU
		{F95A9A31-351E-4D0B-97B0-CDCD0C99D453}.Debug|Any CPU.Build.0 = Debug|Any CPU
		{F95A9A31-351E-4D0B-97B0-CDCD0C99D453}.Debug|Any CPU.Deploy.0 = Debug|Any CPU
		{F95A9A31-351E-4D0B-97B0-CDCD0C99D453}.Release|Any CPU.ActiveCfg = Release|Any CPU
		{F95A9A31-351E-4D0B-97B0-CDCD0C99D453}.Release|Any CPU.Build.0 = Release|Any CPU
		{F95A9A31-351E-4D0B-97B0-CDCD0C99D453}.Release|Any CPU.Deploy.0 = Release|Any CPU
		{C06BA987-69A2-4D58-B1AE-1D1C4910091B}.Debug|Any CPU.ActiveCfg = Debug|Any CPU
		{C06BA987-69A2-4D58-B1AE-1D1C4910091B}.Debug|Any CPU.Build.0 = Debug|Any CPU
		{C06BA987-69A2-4D58-B1AE-1D1C4910091B}.Debug|Any CPU.Deploy.0 = Debug|Any CPU
		{C06BA987-69A2-4D58-B1AE-1D1C4910091B}.Release|Any CPU.ActiveCfg = Release|Any CPU
		{C06BA987-69A2-4D58-B1AE-1D1C4910091B}.Release|Any CPU.Build.0 = Release|Any CPU
		{C06BA987-69A2-4D58-B1AE-1D1C4910091B}.Release|Any CPU.Deploy.0 = Release|Any CPU
		{45582571-023F-4DB3-B27E-2A35AEB2DAD0}.Debug|Any CPU.ActiveCfg = Debug|Any CPU
		{45582571-023F-4DB3-B27E-2A35AEB2DAD0}.Debug|Any CPU.Build.0 = Debug|Any CPU
		{45582571-023F-4DB3-B27E-2A35AEB2DAD0}.Debug|Any CPU.Deploy.0 = Debug|Any CPU
		{45582571-023F-4DB3-B27E-2A35AEB2DAD0}.Release|Any CPU.ActiveCfg = Release|Any CPU
		{45582571-023F-4DB3-B27E-2A35AEB2DAD0}.Release|Any CPU.Build.0 = Release|Any CPU
		{45582571-023F-4DB3-B27E-2A35AEB2DAD0}.Release|Any CPU.Deploy.0 = Release|Any CPU
		{EED5CAAD-F190-469B-9A9E-EDB63F005713}.Debug|Any CPU.ActiveCfg = Debug|Any CPU
		{EED5CAAD-F190-469B-9A9E-EDB63F005713}.Debug|Any CPU.Build.0 = Debug|Any CPU
		{EED5CAAD-F190-469B-9A9E-EDB63F005713}.Debug|Any CPU.Deploy.0 = Debug|Any CPU
		{EED5CAAD-F190-469B-9A9E-EDB63F005713}.Release|Any CPU.ActiveCfg = Release|Any CPU
		{EED5CAAD-F190-469B-9A9E-EDB63F005713}.Release|Any CPU.Build.0 = Release|Any CPU
		{EED5CAAD-F190-469B-9A9E-EDB63F005713}.Release|Any CPU.Deploy.0 = Release|Any CPU
		{638A77F3-E9DE-4350-BBA1-65EF380DB0E4}.Debug|Any CPU.ActiveCfg = Debug|Any CPU
		{638A77F3-E9DE-4350-BBA1-65EF380DB0E4}.Debug|Any CPU.Build.0 = Debug|Any CPU
		{638A77F3-E9DE-4350-BBA1-65EF380DB0E4}.Debug|Any CPU.Deploy.0 = Debug|Any CPU
		{638A77F3-E9DE-4350-BBA1-65EF380DB0E4}.Release|Any CPU.ActiveCfg = Release|Any CPU
		{638A77F3-E9DE-4350-BBA1-65EF380DB0E4}.Release|Any CPU.Build.0 = Release|Any CPU
		{638A77F3-E9DE-4350-BBA1-65EF380DB0E4}.Release|Any CPU.Deploy.0 = Release|Any CPU
		{35BADEEF-3CF1-4BB2-90B3-D35A1BF075D1}.Debug|Any CPU.ActiveCfg = Debug|Any CPU
		{35BADEEF-3CF1-4BB2-90B3-D35A1BF075D1}.Debug|Any CPU.Build.0 = Debug|Any CPU
		{35BADEEF-3CF1-4BB2-90B3-D35A1BF075D1}.Debug|Any CPU.Deploy.0 = Debug|Any CPU
		{35BADEEF-3CF1-4BB2-90B3-D35A1BF075D1}.Release|Any CPU.ActiveCfg = Release|Any CPU
		{35BADEEF-3CF1-4BB2-90B3-D35A1BF075D1}.Release|Any CPU.Build.0 = Release|Any CPU
		{35BADEEF-3CF1-4BB2-90B3-D35A1BF075D1}.Release|Any CPU.Deploy.0 = Release|Any CPU
		{EBA099F0-D967-4495-AAD6-8B9577735D91}.Debug|Any CPU.ActiveCfg = Debug|Any CPU
		{EBA099F0-D967-4495-AAD6-8B9577735D91}.Debug|Any CPU.Build.0 = Debug|Any CPU
		{EBA099F0-D967-4495-AAD6-8B9577735D91}.Debug|Any CPU.Deploy.0 = Debug|Any CPU
		{EBA099F0-D967-4495-AAD6-8B9577735D91}.Release|Any CPU.ActiveCfg = Release|Any CPU
		{EBA099F0-D967-4495-AAD6-8B9577735D91}.Release|Any CPU.Build.0 = Release|Any CPU
		{EBA099F0-D967-4495-AAD6-8B9577735D91}.Release|Any CPU.Deploy.0 = Release|Any CPU
		{F2E1FA3E-4F2A-4356-AEF0-56D08150F355}.Debug|Any CPU.ActiveCfg = Debug|Any CPU
		{F2E1FA3E-4F2A-4356-AEF0-56D08150F355}.Debug|Any CPU.Build.0 = Debug|Any CPU
		{F2E1FA3E-4F2A-4356-AEF0-56D08150F355}.Release|Any CPU.ActiveCfg = Release|Any CPU
		{F2E1FA3E-4F2A-4356-AEF0-56D08150F355}.Release|Any CPU.Build.0 = Release|Any CPU
		{F006A176-3EBE-4504-8CFC-78683B13D11A}.Debug|Any CPU.ActiveCfg = Debug|Any CPU
		{F006A176-3EBE-4504-8CFC-78683B13D11A}.Debug|Any CPU.Build.0 = Debug|Any CPU
		{F006A176-3EBE-4504-8CFC-78683B13D11A}.Debug|Any CPU.Deploy.0 = Debug|Any CPU
		{F006A176-3EBE-4504-8CFC-78683B13D11A}.Release|Any CPU.ActiveCfg = Release|Any CPU
		{F006A176-3EBE-4504-8CFC-78683B13D11A}.Release|Any CPU.Build.0 = Release|Any CPU
		{F006A176-3EBE-4504-8CFC-78683B13D11A}.Release|Any CPU.Deploy.0 = Release|Any CPU
		{2E1CFB3B-EC29-4D6E-A61B-981598C2B36A}.Debug|Any CPU.ActiveCfg = Debug|Any CPU
		{2E1CFB3B-EC29-4D6E-A61B-981598C2B36A}.Debug|Any CPU.Build.0 = Debug|Any CPU
		{2E1CFB3B-EC29-4D6E-A61B-981598C2B36A}.Debug|Any CPU.Deploy.0 = Debug|Any CPU
		{2E1CFB3B-EC29-4D6E-A61B-981598C2B36A}.Release|Any CPU.ActiveCfg = Release|Any CPU
		{2E1CFB3B-EC29-4D6E-A61B-981598C2B36A}.Release|Any CPU.Build.0 = Release|Any CPU
		{2E1CFB3B-EC29-4D6E-A61B-981598C2B36A}.Release|Any CPU.Deploy.0 = Release|Any CPU
		{C51A714E-36F6-4BED-8431-061505551508}.Debug|Any CPU.ActiveCfg = Debug|Any CPU
		{C51A714E-36F6-4BED-8431-061505551508}.Debug|Any CPU.Build.0 = Debug|Any CPU
		{C51A714E-36F6-4BED-8431-061505551508}.Debug|Any CPU.Deploy.0 = Debug|Any CPU
		{C51A714E-36F6-4BED-8431-061505551508}.Release|Any CPU.ActiveCfg = Release|Any CPU
		{C51A714E-36F6-4BED-8431-061505551508}.Release|Any CPU.Build.0 = Release|Any CPU
		{C51A714E-36F6-4BED-8431-061505551508}.Release|Any CPU.Deploy.0 = Release|Any CPU
		{102D016B-EF6F-40FB-9FC0-122AEEBB638F}.Debug|Any CPU.ActiveCfg = Debug|Any CPU
		{102D016B-EF6F-40FB-9FC0-122AEEBB638F}.Debug|Any CPU.Build.0 = Debug|Any CPU
		{102D016B-EF6F-40FB-9FC0-122AEEBB638F}.Debug|Any CPU.Deploy.0 = Debug|Any CPU
		{102D016B-EF6F-40FB-9FC0-122AEEBB638F}.Release|Any CPU.ActiveCfg = Release|Any CPU
		{102D016B-EF6F-40FB-9FC0-122AEEBB638F}.Release|Any CPU.Build.0 = Release|Any CPU
		{102D016B-EF6F-40FB-9FC0-122AEEBB638F}.Release|Any CPU.Deploy.0 = Release|Any CPU
		{D0255680-5BC5-4264-B722-FD31866EC505}.Debug|Any CPU.ActiveCfg = Debug|Any CPU
		{D0255680-5BC5-4264-B722-FD31866EC505}.Debug|Any CPU.Build.0 = Debug|Any CPU
		{D0255680-5BC5-4264-B722-FD31866EC505}.Release|Any CPU.ActiveCfg = Release|Any CPU
		{D0255680-5BC5-4264-B722-FD31866EC505}.Release|Any CPU.Build.0 = Release|Any CPU
	EndGlobalSection
	GlobalSection(SolutionProperties) = preSolution
		HideSolutionNode = FALSE
	EndGlobalSection
	GlobalSection(NestedProjects) = preSolution
		{F95A9A31-351E-4D0B-97B0-CDCD0C99D453} = {1BD88219-7E30-4747-ADD2-C6961AA547E4}
		{C06BA987-69A2-4D58-B1AE-1D1C4910091B} = {1BD88219-7E30-4747-ADD2-C6961AA547E4}
		{45582571-023F-4DB3-B27E-2A35AEB2DAD0} = {900C3832-19E4-44D0-965A-61357F2B5EA6}
		{EED5CAAD-F190-469B-9A9E-EDB63F005713} = {900C3832-19E4-44D0-965A-61357F2B5EA6}
		{638A77F3-E9DE-4350-BBA1-65EF380DB0E4} = {900C3832-19E4-44D0-965A-61357F2B5EA6}
		{35BADEEF-3CF1-4BB2-90B3-D35A1BF075D1} = {1BD88219-7E30-4747-ADD2-C6961AA547E4}
		{900C3832-19E4-44D0-965A-61357F2B5EA6} = {1BD88219-7E30-4747-ADD2-C6961AA547E4}
		{EBA099F0-D967-4495-AAD6-8B9577735D91} = {1BD88219-7E30-4747-ADD2-C6961AA547E4}
		{F006A176-3EBE-4504-8CFC-78683B13D11A} = {1BD88219-7E30-4747-ADD2-C6961AA547E4}
		{2E1CFB3B-EC29-4D6E-A61B-981598C2B36A} = {98EE0D38-DBD6-4780-805C-C108C9293A0E}
		{C51A714E-36F6-4BED-8431-061505551508} = {98EE0D38-DBD6-4780-805C-C108C9293A0E}
		{102D016B-EF6F-40FB-9FC0-122AEEBB638F} = {1BD88219-7E30-4747-ADD2-C6961AA547E4}
	EndGlobalSection
	GlobalSection(ExtensibilityGlobals) = postSolution
		SolutionGuid = {76F05DF7-0BCF-4EC3-82E4-020FFABA6BBC}
	EndGlobalSection
EndGlobal
