
Microsoft Visual Studio Solution File, Format Version 12.00
# Visual Studio Version 16
VisualStudioVersion = 16.0.33920.266
MinimumVisualStudioVersion = 10.0.40219.1
Project("{11A8DD76-328B-46DF-9F39-F559912D0360}") = "NanoKernel", "NanoKernel\NanoKernel.nfproj", "{CC0E298D-E675-4C5B-8E41-B7E1139F3699}"
EndProject
Project("{11A8DD76-328B-46DF-9F39-F559912D0360}") = "NodoMedidor", "NodoMedidor\NodoMedidor.nfproj", "{9696AF3C-B54C-4065-B510-1313FD56B410}"
EndProject
Project("{11A8DD76-328B-46DF-9F39-F559912D0360}") = "NodoAP", "NodoAP\NodoAP.nfproj", "{D420C53F-63AC-45E3-8430-38E619EAA187}"
EndProject
Project("{11A8DD76-328B-46DF-9F39-F559912D0360}") = "NodoTest", "NodoTest\NodoTest.nfproj", "{F95A9A31-351E-4D0B-97B0-CDCD0C99D453}"
EndProject
Global
	GlobalSection(SolutionConfigurationPlatforms) = preSolution
		Debug|Any CPU = Debug|Any CPU
		Release|Any CPU = Release|Any CPU
	EndGlobalSection
	GlobalSection(ProjectConfigurationPlatforms) = postSolution
		{CC0E298D-E675-4C5B-8E41-B7E1139F3699}.Debug|Any CPU.ActiveCfg = Debug|Any CPU
		{CC0E298D-E675-4C5B-8E41-B7E1139F3699}.Debug|Any CPU.Build.0 = Debug|Any CPU
		{CC0E298D-E675-4C5B-8E41-B7E1139F3699}.Debug|Any CPU.Deploy.0 = Debug|Any CPU
		{CC0E298D-E675-4C5B-8E41-B7E1139F3699}.Release|Any CPU.ActiveCfg = Release|Any CPU
		{CC0E298D-E675-4C5B-8E41-B7E1139F3699}.Release|Any CPU.Build.0 = Release|Any CPU
		{CC0E298D-E675-4C5B-8E41-B7E1139F3699}.Release|Any CPU.Deploy.0 = Release|Any CPU
		{9696AF3C-B54C-4065-B510-1313FD56B410}.Debug|Any CPU.ActiveCfg = Debug|Any CPU
		{9696AF3C-B54C-4065-B510-1313FD56B410}.Debug|Any CPU.Build.0 = Debug|Any CPU
		{9696AF3C-B54C-4065-B510-1313FD56B410}.Debug|Any CPU.Deploy.0 = Debug|Any CPU
		{9696AF3C-B54C-4065-B510-1313FD56B410}.Release|Any CPU.ActiveCfg = Release|Any CPU
		{9696AF3C-B54C-4065-B510-1313FD56B410}.Release|Any CPU.Build.0 = Release|Any CPU
		{9696AF3C-B54C-4065-B510-1313FD56B410}.Release|Any CPU.Deploy.0 = Release|Any CPU
		{D420C53F-63AC-45E3-8430-38E619EAA187}.Debug|Any CPU.ActiveCfg = Debug|Any CPU
		{D420C53F-63AC-45E3-8430-38E619EAA187}.Debug|Any CPU.Build.0 = Debug|Any CPU
		{D420C53F-63AC-45E3-8430-38E619EAA187}.Debug|Any CPU.Deploy.0 = Debug|Any CPU
		{D420C53F-63AC-45E3-8430-38E619EAA187}.Release|Any CPU.ActiveCfg = Release|Any CPU
		{D420C53F-63AC-45E3-8430-38E619EAA187}.Release|Any CPU.Build.0 = Release|Any CPU
		{D420C53F-63AC-45E3-8430-38E619EAA187}.Release|Any CPU.Deploy.0 = Release|Any CPU
		{F95A9A31-351E-4D0B-97B0-CDCD0C99D453}.Debug|Any CPU.ActiveCfg = Debug|Any CPU
		{F95A9A31-351E-4D0B-97B0-CDCD0C99D453}.Debug|Any CPU.Build.0 = Debug|Any CPU
		{F95A9A31-351E-4D0B-97B0-CDCD0C99D453}.Debug|Any CPU.Deploy.0 = Debug|Any CPU
		{F95A9A31-351E-4D0B-97B0-CDCD0C99D453}.Release|Any CPU.ActiveCfg = Release|Any CPU
		{F95A9A31-351E-4D0B-97B0-CDCD0C99D453}.Release|Any CPU.Build.0 = Release|Any CPU
		{F95A9A31-351E-4D0B-97B0-CDCD0C99D453}.Release|Any CPU.Deploy.0 = Release|Any CPU
	EndGlobalSection
	GlobalSection(SolutionProperties) = preSolution
		HideSolutionNode = FALSE
	EndGlobalSection
	GlobalSection(ExtensibilityGlobals) = postSolution
		SolutionGuid = {76F05DF7-0BCF-4EC3-82E4-020FFABA6BBC}
	EndGlobalSection
EndGlobal
