
Microsoft Visual Studio Solution File, Format Version 12.00
# Visual Studio Version 17
VisualStudioVersion = 17.7.34009.444
MinimumVisualStudioVersion = 10.0.40219.1
Project("{11A8DD76-328B-46DF-9F39-F559912D0360}") = "NanoKernel", "NanoKernel\NanoKernel.nfproj", "{CC0E298D-E675-4C5B-8E41-B7E1139F3699}"
EndProject
Project("{11A8DD76-328B-46DF-9F39-F559912D0360}") = "NodoMedidor", "NodoMedidor\NodoMedidor.nfproj", "{9696AF3C-B54C-4065-B510-1313FD56B410}"
EndProject
Project("{11A8DD76-328B-46DF-9F39-F559912D0360}") = "AppDesarrollo", "AppDesarrollo\AppDesarrollo.nfproj", "{B89D085B-F2F5-41A5-A57B-F7269779B8C4}"
EndProject
Project("{2150E333-8FDC-42A3-9474-1A3956D46DE8}") = "Pruebas Backend", "Pruebas Backend", "{88750CD3-EE46-4542-A8C5-1B8A30E79FAA}"
EndProject
Project("{9A19103F-16F7-4668-BE54-9A1E7A4F7556}") = "Test.SIM800L", "Test.SIM800L\Test.SIM800L.csproj", "{E8C27B6A-0461-4604-AD7D-D77F43D0BDE2}"
EndProject
Project("{9A19103F-16F7-4668-BE54-9A1E7A4F7556}") = "Test.SocketServer", "Test.Sockets\Test.SocketServer.csproj", "{39092053-C3CE-4199-9207-63A6401B5EA2}"
EndProject
Project("{9A19103F-16F7-4668-BE54-9A1E7A4F7556}") = "Test.SocketClient", "Test.SocketClient\Test.SocketClient.csproj", "{3671368B-12DB-477B-B909-3F7F81594101}"
EndProject
Project("{9A19103F-16F7-4668-BE54-9A1E7A4F7556}") = "Test.WebApi", "Test.WebApi\Test.WebApi.csproj", "{89141D9D-0260-44D9-A40F-55301B525903}"
EndProject
Project("{11A8DD76-328B-46DF-9F39-F559912D0360}") = "Modulo.SIM800L", "Modulo.SIM800L\Modulo.SIM800L.nfproj", "{1E938871-F3B0-47AA-AACA-928F487C6D64}"
EndProject
Project("{11A8DD76-328B-46DF-9F39-F559912D0360}") = "Libreria", "Libreria\Libreria.nfproj", "{FE6EBDA3-59AE-48D3-B900-5476BE64ACE1}"
EndProject
Project("{2150E333-8FDC-42A3-9474-1A3956D46DE8}") = "POC", "POC", "{6BAC83EE-8E84-4E5C-BFA0-ED3EA4CEE704}"
EndProject
Global
	GlobalSection(SolutionConfigurationPlatforms) = preSolution
		Debug|Any CPU = Debug|Any CPU
		Release|Any CPU = Release|Any CPU
	EndGlobalSection
	GlobalSection(ProjectConfigurationPlatforms) = postSolution
		{CC0E298D-E675-4C5B-8E41-B7E1139F3699}.Debug|Any CPU.ActiveCfg = Debug|Any CPU
		{CC0E298D-E675-4C5B-8E41-B7E1139F3699}.Debug|Any CPU.Build.0 = Debug|Any CPU
		{CC0E298D-E675-4C5B-8E41-B7E1139F3699}.Debug|Any CPU.Deploy.0 = Debug|Any CPU
		{CC0E298D-E675-4C5B-8E41-B7E1139F3699}.Release|Any CPU.ActiveCfg = Release|Any CPU
		{CC0E298D-E675-4C5B-8E41-B7E1139F3699}.Release|Any CPU.Build.0 = Release|Any CPU
		{CC0E298D-E675-4C5B-8E41-B7E1139F3699}.Release|Any CPU.Deploy.0 = Release|Any CPU
		{9696AF3C-B54C-4065-B510-1313FD56B410}.Debug|Any CPU.ActiveCfg = Debug|Any CPU
		{9696AF3C-B54C-4065-B510-1313FD56B410}.Debug|Any CPU.Build.0 = Debug|Any CPU
		{9696AF3C-B54C-4065-B510-1313FD56B410}.Debug|Any CPU.Deploy.0 = Debug|Any CPU
		{9696AF3C-B54C-4065-B510-1313FD56B410}.Release|Any CPU.ActiveCfg = Release|Any CPU
		{9696AF3C-B54C-4065-B510-1313FD56B410}.Release|Any CPU.Build.0 = Release|Any CPU
		{9696AF3C-B54C-4065-B510-1313FD56B410}.Release|Any CPU.Deploy.0 = Release|Any CPU
		{B89D085B-F2F5-41A5-A57B-F7269779B8C4}.Debug|Any CPU.ActiveCfg = Debug|Any CPU
		{B89D085B-F2F5-41A5-A57B-F7269779B8C4}.Debug|Any CPU.Build.0 = Debug|Any CPU
		{B89D085B-F2F5-41A5-A57B-F7269779B8C4}.Debug|Any CPU.Deploy.0 = Debug|Any CPU
		{B89D085B-F2F5-41A5-A57B-F7269779B8C4}.Release|Any CPU.ActiveCfg = Release|Any CPU
		{B89D085B-F2F5-41A5-A57B-F7269779B8C4}.Release|Any CPU.Build.0 = Release|Any CPU
		{B89D085B-F2F5-41A5-A57B-F7269779B8C4}.Release|Any CPU.Deploy.0 = Release|Any CPU
		{E8C27B6A-0461-4604-AD7D-D77F43D0BDE2}.Debug|Any CPU.ActiveCfg = Debug|Any CPU
		{E8C27B6A-0461-4604-AD7D-D77F43D0BDE2}.Debug|Any CPU.Build.0 = Debug|Any CPU
		{E8C27B6A-0461-4604-AD7D-D77F43D0BDE2}.Release|Any CPU.ActiveCfg = Release|Any CPU
		{E8C27B6A-0461-4604-AD7D-D77F43D0BDE2}.Release|Any CPU.Build.0 = Release|Any CPU
		{39092053-C3CE-4199-9207-63A6401B5EA2}.Debug|Any CPU.ActiveCfg = Debug|Any CPU
		{39092053-C3CE-4199-9207-63A6401B5EA2}.Debug|Any CPU.Build.0 = Debug|Any CPU
		{39092053-C3CE-4199-9207-63A6401B5EA2}.Release|Any CPU.ActiveCfg = Release|Any CPU
		{39092053-C3CE-4199-9207-63A6401B5EA2}.Release|Any CPU.Build.0 = Release|Any CPU
		{3671368B-12DB-477B-B909-3F7F81594101}.Debug|Any CPU.ActiveCfg = Debug|Any CPU
		{3671368B-12DB-477B-B909-3F7F81594101}.Debug|Any CPU.Build.0 = Debug|Any CPU
		{3671368B-12DB-477B-B909-3F7F81594101}.Release|Any CPU.ActiveCfg = Release|Any CPU
		{3671368B-12DB-477B-B909-3F7F81594101}.Release|Any CPU.Build.0 = Release|Any CPU
		{89141D9D-0260-44D9-A40F-55301B525903}.Debug|Any CPU.ActiveCfg = Debug|Any CPU
		{89141D9D-0260-44D9-A40F-55301B525903}.Debug|Any CPU.Build.0 = Debug|Any CPU
		{89141D9D-0260-44D9-A40F-55301B525903}.Release|Any CPU.ActiveCfg = Release|Any CPU
		{89141D9D-0260-44D9-A40F-55301B525903}.Release|Any CPU.Build.0 = Release|Any CPU
		{1E938871-F3B0-47AA-AACA-928F487C6D64}.Debug|Any CPU.ActiveCfg = Debug|Any CPU
		{1E938871-F3B0-47AA-AACA-928F487C6D64}.Debug|Any CPU.Build.0 = Debug|Any CPU
		{1E938871-F3B0-47AA-AACA-928F487C6D64}.Debug|Any CPU.Deploy.0 = Debug|Any CPU
		{1E938871-F3B0-47AA-AACA-928F487C6D64}.Release|Any CPU.ActiveCfg = Release|Any CPU
		{1E938871-F3B0-47AA-AACA-928F487C6D64}.Release|Any CPU.Build.0 = Release|Any CPU
		{1E938871-F3B0-47AA-AACA-928F487C6D64}.Release|Any CPU.Deploy.0 = Release|Any CPU
		{FE6EBDA3-59AE-48D3-B900-5476BE64ACE1}.Debug|Any CPU.ActiveCfg = Debug|Any CPU
		{FE6EBDA3-59AE-48D3-B900-5476BE64ACE1}.Debug|Any CPU.Build.0 = Debug|Any CPU
		{FE6EBDA3-59AE-48D3-B900-5476BE64ACE1}.Debug|Any CPU.Deploy.0 = Debug|Any CPU
		{FE6EBDA3-59AE-48D3-B900-5476BE64ACE1}.Release|Any CPU.ActiveCfg = Release|Any CPU
		{FE6EBDA3-59AE-48D3-B900-5476BE64ACE1}.Release|Any CPU.Build.0 = Release|Any CPU
		{FE6EBDA3-59AE-48D3-B900-5476BE64ACE1}.Release|Any CPU.Deploy.0 = Release|Any CPU
	EndGlobalSection
	GlobalSection(SolutionProperties) = preSolution
		HideSolutionNode = FALSE
	EndGlobalSection
	GlobalSection(NestedProjects) = preSolution
		{CC0E298D-E675-4C5B-8E41-B7E1139F3699} = {6BAC83EE-8E84-4E5C-BFA0-ED3EA4CEE704}
		{9696AF3C-B54C-4065-B510-1313FD56B410} = {6BAC83EE-8E84-4E5C-BFA0-ED3EA4CEE704}
		{B89D085B-F2F5-41A5-A57B-F7269779B8C4} = {6BAC83EE-8E84-4E5C-BFA0-ED3EA4CEE704}
		{E8C27B6A-0461-4604-AD7D-D77F43D0BDE2} = {88750CD3-EE46-4542-A8C5-1B8A30E79FAA}
		{39092053-C3CE-4199-9207-63A6401B5EA2} = {88750CD3-EE46-4542-A8C5-1B8A30E79FAA}
		{3671368B-12DB-477B-B909-3F7F81594101} = {88750CD3-EE46-4542-A8C5-1B8A30E79FAA}
		{89141D9D-0260-44D9-A40F-55301B525903} = {88750CD3-EE46-4542-A8C5-1B8A30E79FAA}
		{1E938871-F3B0-47AA-AACA-928F487C6D64} = {6BAC83EE-8E84-4E5C-BFA0-ED3EA4CEE704}
		{FE6EBDA3-59AE-48D3-B900-5476BE64ACE1} = {6BAC83EE-8E84-4E5C-BFA0-ED3EA4CEE704}
	EndGlobalSection
	GlobalSection(ExtensibilityGlobals) = postSolution
		SolutionGuid = {F548FDC4-4BB9-48B3-9642-F2A0622819AC}
	EndGlobalSection
EndGlobal
